
Microsoft Visual Studio Solution File, Format Version 12.00
# Visual Studio Version 17
VisualStudioVersion = 17.5.33627.172
MinimumVisualStudioVersion = 10.0.40219.1
Project("{9A19103F-16F7-4668-BE54-9A1E7A4F7556}") = "Entity01", "Entity01\Entity01.csproj", "{202704B9-128B-4EDB-976D-44B41C241775}"
EndProject
Project("{9A19103F-16F7-4668-BE54-9A1E7A4F7556}") = "WF_From_DB", "WF_From_DB\WF_From_DB.csproj", "{0407BBA1-0BB1-48FE-8E49-A0A4D0C158CA}"
EndProject
Project("{FAE04EC0-301F-11D3-BF4B-00C04F79EFBC}") = "Mapping&Migration02", "Mapping&Migration02\Mapping&Migration02.csproj", "{99C42475-D586-423A-8168-CE42521FB92D}"
EndProject
Global
	GlobalSection(SolutionConfigurationPlatforms) = preSolution
		Debug|Any CPU = Debug|Any CPU
		Release|Any CPU = Release|Any CPU
	EndGlobalSection
	GlobalSection(ProjectConfigurationPlatforms) = postSolution
		{202704B9-128B-4EDB-976D-44B41C241775}.Debug|Any CPU.ActiveCfg = Debug|Any CPU
		{202704B9-128B-4EDB-976D-44B41C241775}.Debug|Any CPU.Build.0 = Debug|Any CPU
		{202704B9-128B-4EDB-976D-44B41C241775}.Release|Any CPU.ActiveCfg = Release|Any CPU
		{202704B9-128B-4EDB-976D-44B41C241775}.Release|Any CPU.Build.0 = Release|Any CPU
		{0407BBA1-0BB1-48FE-8E49-A0A4D0C158CA}.Debug|Any CPU.ActiveCfg = Debug|Any CPU
		{0407BBA1-0BB1-48FE-8E49-A0A4D0C158CA}.Debug|Any CPU.Build.0 = Debug|Any CPU
		{0407BBA1-0BB1-48FE-8E49-A0A4D0C158CA}.Release|Any CPU.ActiveCfg = Release|Any CPU
		{0407BBA1-0BB1-48FE-8E49-A0A4D0C158CA}.Release|Any CPU.Build.0 = Release|Any CPU
		{99C42475-D586-423A-8168-CE42521FB92D}.Debug|Any CPU.ActiveCfg = Debug|Any CPU
		{99C42475-D586-423A-8168-CE42521FB92D}.Debug|Any CPU.Build.0 = Debug|Any CPU
		{99C42475-D586-423A-8168-CE42521FB92D}.Release|Any CPU.ActiveCfg = Release|Any CPU
		{99C42475-D586-423A-8168-CE42521FB92D}.Release|Any CPU.Build.0 = Release|Any CPU
	EndGlobalSection
	GlobalSection(SolutionProperties) = preSolution
		HideSolutionNode = FALSE
	EndGlobalSection
	GlobalSection(ExtensibilityGlobals) = postSolution
		SolutionGuid = {CAC0A57D-433A-4788-A1DC-E2B2DA766150}
	EndGlobalSection
EndGlobal
